// !$*UTF8*$!
{
	archiveVersion = 1;
	classes = {
	};
	objectVersion = 46;
	objects = {

/* Begin PBXBuildFile section */
		659CC4B81BFEFF9F002845EC /* AppDelegate.swift in Sources */ = {isa = PBXBuildFile; fileRef = 659CC4B71BFEFF9F002845EC /* AppDelegate.swift */; };
		659CC4BA1BFEFF9F002845EC /* ViewController.swift in Sources */ = {isa = PBXBuildFile; fileRef = 659CC4B91BFEFF9F002845EC /* ViewController.swift */; };
		659CC4BD1BFEFF9F002845EC /* Main.storyboard in Resources */ = {isa = PBXBuildFile; fileRef = 659CC4BB1BFEFF9F002845EC /* Main.storyboard */; };
		659CC4BF1BFEFF9F002845EC /* Images.xcassets in Resources */ = {isa = PBXBuildFile; fileRef = 659CC4BE1BFEFF9F002845EC /* Images.xcassets */; };
		659CC4C21BFEFF9F002845EC /* LaunchScreen.xib in Resources */ = {isa = PBXBuildFile; fileRef = 659CC4C01BFEFF9F002845EC /* LaunchScreen.xib */; };
		659CC4CE1BFEFF9F002845EC /* week7_day5_001_local_authenticationTests.swift in Sources */ = {isa = PBXBuildFile; fileRef = 659CC4CD1BFEFF9F002845EC /* week7_day5_001_local_authenticationTests.swift */; };
		659CC4D81BFF0368002845EC /* SettingsViewController.swift in Sources */ = {isa = PBXBuildFile; fileRef = 659CC4D71BFF0368002845EC /* SettingsViewController.swift */; };
/* End PBXBuildFile section */

/* Begin PBXContainerItemProxy section */
		659CC4C81BFEFF9F002845EC /* PBXContainerItemProxy */ = {
			isa = PBXContainerItemProxy;
			containerPortal = 659CC4AA1BFEFF9F002845EC /* Project object */;
			proxyType = 1;
			remoteGlobalIDString = 659CC4B11BFEFF9F002845EC;
			remoteInfo = week7_day5_001_local_authentication;
		};
/* End PBXContainerItemProxy section */

/* Begin PBXFileReference section */
		659CC4B21BFEFF9F002845EC /* week7_day5_001_local_authentication.app */ = {isa = PBXFileReference; explicitFileType = wrapper.application; includeInIndex = 0; path = week7_day5_001_local_authentication.app; sourceTree = BUILT_PRODUCTS_DIR; };
		659CC4B61BFEFF9F002845EC /* Info.plist */ = {isa = PBXFileReference; lastKnownFileType = text.plist.xml; path = Info.plist; sourceTree = "<group>"; };
		659CC4B71BFEFF9F002845EC /* AppDelegate.swift */ = {isa = PBXFileReference; lastKnownFileType = sourcecode.swift; path = AppDelegate.swift; sourceTree = "<group>"; };
		659CC4B91BFEFF9F002845EC /* ViewController.swift */ = {isa = PBXFileReference; lastKnownFileType = sourcecode.swift; path = ViewController.swift; sourceTree = "<group>"; };
		659CC4BC1BFEFF9F002845EC /* Base */ = {isa = PBXFileReference; lastKnownFileType = file.storyboard; name = Base; path = Base.lproj/Main.storyboard; sourceTree = "<group>"; };
		659CC4BE1BFEFF9F002845EC /* Images.xcassets */ = {isa = PBXFileReference; lastKnownFileType = folder.assetcatalog; path = Images.xcassets; sourceTree = "<group>"; };
		659CC4C11BFEFF9F002845EC /* Base */ = {isa = PBXFileReference; lastKnownFileType = file.xib; name = Base; path = Base.lproj/LaunchScreen.xib; sourceTree = "<group>"; };
		659CC4C71BFEFF9F002845EC /* week7_day5_001_local_authenticationTests.xctest */ = {isa = PBXFileReference; explicitFileType = wrapper.cfbundle; includeInIndex = 0; path = week7_day5_001_local_authenticationTests.xctest; sourceTree = BUILT_PRODUCTS_DIR; };
		659CC4CC1BFEFF9F002845EC /* Info.plist */ = {isa = PBXFileReference; lastKnownFileType = text.plist.xml; path = Info.plist; sourceTree = "<group>"; };
		659CC4CD1BFEFF9F002845EC /* week7_day5_001_local_authenticationTests.swift */ = {isa = PBXFileReference; lastKnownFileType = sourcecode.swift; path = week7_day5_001_local_authenticationTests.swift; sourceTree = "<group>"; };
		659CC4D71BFF0368002845EC /* SettingsViewController.swift */ = {isa = PBXFileReference; fileEncoding = 4; lastKnownFileType = sourcecode.swift; path = SettingsViewController.swift; sourceTree = "<group>"; };
/* End PBXFileReference section */

/* Begin PBXFrameworksBuildPhase section */
		659CC4AF1BFEFF9F002845EC /* Frameworks */ = {
			isa = PBXFrameworksBuildPhase;
			buildActionMask = 2147483647;
			files = (
			);
			runOnlyForDeploymentPostprocessing = 0;
		};
		659CC4C41BFEFF9F002845EC /* Frameworks */ = {
			isa = PBXFrameworksBuildPhase;
			buildActionMask = 2147483647;
			files = (
			);
			runOnlyForDeploymentPostprocessing = 0;
		};
/* End PBXFrameworksBuildPhase section */

/* Begin PBXGroup section */
		659CC4A91BFEFF9F002845EC = {
			isa = PBXGroup;
			children = (
				659CC4B41BFEFF9F002845EC /* week7_day5_001_local_authentication */,
				659CC4CA1BFEFF9F002845EC /* week7_day5_001_local_authenticationTests */,
				659CC4B31BFEFF9F002845EC /* Products */,
			);
			sourceTree = "<group>";
		};
		659CC4B31BFEFF9F002845EC /* Products */ = {
			isa = PBXGroup;
			children = (
				659CC4B21BFEFF9F002845EC /* week7_day5_001_local_authentication.app */,
				659CC4C71BFEFF9F002845EC /* week7_day5_001_local_authenticationTests.xctest */,
			);
			name = Products;
			sourceTree = "<group>";
		};
		659CC4B41BFEFF9F002845EC /* week7_day5_001_local_authentication */ = {
			isa = PBXGroup;
			children = (
				659CC4B71BFEFF9F002845EC /* AppDelegate.swift */,
				659CC4B91BFEFF9F002845EC /* ViewController.swift */,
				659CC4D71BFF0368002845EC /* SettingsViewController.swift */,
				659CC4BB1BFEFF9F002845EC /* Main.storyboard */,
				659CC4BE1BFEFF9F002845EC /* Images.xcassets */,
				659CC4C01BFEFF9F002845EC /* LaunchScreen.xib */,
				659CC4B51BFEFF9F002845EC /* Supporting Files */,
			);
			path = week7_day5_001_local_authentication;
			sourceTree = "<group>";
		};
		659CC4B51BFEFF9F002845EC /* Supporting Files */ = {
			isa = PBXGroup;
			children = (
				659CC4B61BFEFF9F002845EC /* Info.plist */,
			);
			name = "Supporting Files";
			sourceTree = "<group>";
		};
		659CC4CA1BFEFF9F002845EC /* week7_day5_001_local_authenticationTests */ = {
			isa = PBXGroup;
			children = (
				659CC4CD1BFEFF9F002845EC /* week7_day5_001_local_authenticationTests.swift */,
				659CC4CB1BFEFF9F002845EC /* Supporting Files */,
			);
			path = week7_day5_001_local_authenticationTests;
			sourceTree = "<group>";
		};
		659CC4CB1BFEFF9F002845EC /* Supporting Files */ = {
			isa = PBXGroup;
			children = (
				659CC4CC1BFEFF9F002845EC /* Info.plist */,
			);
			name = "Supporting Files";
			sourceTree = "<group>";
		};
/* End PBXGroup section */

/* Begin PBXNativeTarget section */
		659CC4B11BFEFF9F002845EC /* week7_day5_001_local_authentication */ = {
			isa = PBXNativeTarget;
			buildConfigurationList = 659CC4D11BFEFF9F002845EC /* Build configuration list for PBXNativeTarget "week7_day5_001_local_authentication" */;
			buildPhases = (
				659CC4AE1BFEFF9F002845EC /* Sources */,
				659CC4AF1BFEFF9F002845EC /* Frameworks */,
				659CC4B01BFEFF9F002845EC /* Resources */,
			);
			buildRules = (
			);
			dependencies = (
			);
			name = week7_day5_001_local_authentication;
			productName = week7_day5_001_local_authentication;
			productReference = 659CC4B21BFEFF9F002845EC /* week7_day5_001_local_authentication.app */;
			productType = "com.apple.product-type.application";
		};
		659CC4C61BFEFF9F002845EC /* week7_day5_001_local_authenticationTests */ = {
			isa = PBXNativeTarget;
			buildConfigurationList = 659CC4D41BFEFF9F002845EC /* Build configuration list for PBXNativeTarget "week7_day5_001_local_authenticationTests" */;
			buildPhases = (
				659CC4C31BFEFF9F002845EC /* Sources */,
				659CC4C41BFEFF9F002845EC /* Frameworks */,
				659CC4C51BFEFF9F002845EC /* Resources */,
			);
			buildRules = (
			);
			dependencies = (
				659CC4C91BFEFF9F002845EC /* PBXTargetDependency */,
			);
			name = week7_day5_001_local_authenticationTests;
			productName = week7_day5_001_local_authenticationTests;
			productReference = 659CC4C71BFEFF9F002845EC /* week7_day5_001_local_authenticationTests.xctest */;
			productType = "com.apple.product-type.bundle.unit-test";
		};
/* End PBXNativeTarget section */

/* Begin PBXProject section */
		659CC4AA1BFEFF9F002845EC /* Project object */ = {
			isa = PBXProject;
			attributes = {
				LastUpgradeCheck = 0640;
				ORGANIZATIONNAME = "Shinya Hirai";
				TargetAttributes = {
					659CC4B11BFEFF9F002845EC = {
						CreatedOnToolsVersion = 6.4;
					};
					659CC4C61BFEFF9F002845EC = {
						CreatedOnToolsVersion = 6.4;
						TestTargetID = 659CC4B11BFEFF9F002845EC;
					};
				};
			};
			buildConfigurationList = 659CC4AD1BFEFF9F002845EC /* Build configuration list for PBXProject "week7_day5_001_local_authentication" */;
			compatibilityVersion = "Xcode 3.2";
			developmentRegion = English;
			hasScannedForEncodings = 0;
			knownRegions = (
				en,
				Base,
			);
			mainGroup = 659CC4A91BFEFF9F002845EC;
			productRefGroup = 659CC4B31BFEFF9F002845EC /* Products */;
			projectDirPath = "";
			projectRoot = "";
			targets = (
				659CC4B11BFEFF9F002845EC /* week7_day5_001_local_authentication */,
				659CC4C61BFEFF9F002845EC /* week7_day5_001_local_authenticationTests */,
			);
		};
/* End PBXProject section */

/* Begin PBXResourcesBuildPhase section */
		659CC4B01BFEFF9F002845EC /* Resources */ = {
			isa = PBXResourcesBuildPhase;
			buildActionMask = 2147483647;
			files = (
				659CC4BD1BFEFF9F002845EC /* Main.storyboard in Resources */,
				659CC4C21BFEFF9F002845EC /* LaunchScreen.xib in Resources */,
				659CC4BF1BFEFF9F002845EC /* Images.xcassets in Resources */,
			);
			runOnlyForDeploymentPostprocessing = 0;
		};
		659CC4C51BFEFF9F002845EC /* Resources */ = {
			isa = PBXResourcesBuildPhase;
			buildActionMask = 2147483647;
			files = (
			);
			runOnlyForDeploymentPostprocessing = 0;
		};
/* End PBXResourcesBuildPhase section */

/* Begin PBXSourcesBuildPhase section */
		659CC4AE1BFEFF9F002845EC /* Sources */ = {
			isa = PBXSourcesBuildPhase;
			buildActionMask = 2147483647;
			files = (
				659CC4BA1BFEFF9F002845EC /* ViewController.swift in Sources */,
				659CC4B81BFEFF9F002845EC /* AppDelegate.swift in Sources */,
				659CC4D81BFF0368002845EC /* SettingsViewController.swift in Sources */,
			);
			runOnlyForDeploymentPostprocessing = 0;
		};
		659CC4C31BFEFF9F002845EC /* Sources */ = {
			isa = PBXSourcesBuildPhase;
			buildActionMask = 2147483647;
			files = (
				659CC4CE1BFEFF9F002845EC /* week7_day5_001_local_authenticationTests.swift in Sources */,
			);
			runOnlyForDeploymentPostprocessing = 0;
		};
/* End PBXSourcesBuildPhase section */

/* Begin PBXTargetDependency section */
		659CC4C91BFEFF9F002845EC /* PBXTargetDependency */ = {
			isa = PBXTargetDependency;
			target = 659CC4B11BFEFF9F002845EC /* week7_day5_001_local_authentication */;
			targetProxy = 659CC4C81BFEFF9F002845EC /* PBXContainerItemProxy */;
		};
/* End PBXTargetDependency section */

/* Begin PBXVariantGroup section */
		659CC4BB1BFEFF9F002845EC /* Main.storyboard */ = {
			isa = PBXVariantGroup;
			children = (
				659CC4BC1BFEFF9F002845EC /* Base */,
			);
			name = Main.storyboard;
			sourceTree = "<group>";
		};
		659CC4C01BFEFF9F002845EC /* LaunchScreen.xib */ = {
			isa = PBXVariantGroup;
			children = (
				659CC4C11BFEFF9F002845EC /* Base */,
			);
			name = LaunchScreen.xib;
			sourceTree = "<group>";
		};
/* End PBXVariantGroup section */

/* Begin XCBuildConfiguration section */
		659CC4CF1BFEFF9F002845EC /* Debug */ = {
			isa = XCBuildConfiguration;
			buildSettings = {
				ALWAYS_SEARCH_USER_PATHS = NO;
				CLANG_CXX_LANGUAGE_STANDARD = "gnu++0x";
				CLANG_CXX_LIBRARY = "libc++";
				CLANG_ENABLE_MODULES = YES;
				CLANG_ENABLE_OBJC_ARC = YES;
				CLANG_WARN_BOOL_CONVERSION = YES;
				CLANG_WARN_CONSTANT_CONVERSION = YES;
				CLANG_WARN_DIRECT_OBJC_ISA_USAGE = YES_ERROR;
				CLANG_WARN_EMPTY_BODY = YES;
				CLANG_WARN_ENUM_CONVERSION = YES;
				CLANG_WARN_INT_CONVERSION = YES;
				CLANG_WARN_OBJC_ROOT_CLASS = YES_ERROR;
				CLANG_WARN_UNREACHABLE_CODE = YES;
				CLANG_WARN__DUPLICATE_METHOD_MATCH = YES;
				"CODE_SIGN_IDENTITY[sdk=iphoneos*]" = "iPhone Developer";
				COPY_PHASE_STRIP = NO;
				DEBUG_INFORMATION_FORMAT = "dwarf-with-dsym";
				ENABLE_STRICT_OBJC_MSGSEND = YES;
				GCC_C_LANGUAGE_STANDARD = gnu99;
				GCC_DYNAMIC_NO_PIC = NO;
				GCC_NO_COMMON_BLOCKS = YES;
				GCC_OPTIMIZATION_LEVEL = 0;
				GCC_PREPROCESSOR_DEFINITIONS = (
					"DEBUG=1",
					"$(inherited)",
				);
				GCC_SYMBOLS_PRIVATE_EXTERN = NO;
				GCC_WARN_64_TO_32_BIT_CONVERSION = YES;
				GCC_WARN_ABOUT_RETURN_TYPE = YES_ERROR;
				GCC_WARN_UNDECLARED_SELECTOR = YES;
				GCC_WARN_UNINITIALIZED_AUTOS = YES_AGGRESSIVE;
				GCC_WARN_UNUSED_FUNCTION = YES;
				GCC_WARN_UNUSED_VARIABLE = YES;
				IPHONEOS_DEPLOYMENT_TARGET = 8.4;
				MTL_ENABLE_DEBUG_INFO = YES;
				ONLY_ACTIVE_ARCH = YES;
				SDKROOT = iphoneos;
				SWIFT_OPTIMIZATION_LEVEL = "-Onone";
			};
			name = Debug;
		};
		659CC4D01BFEFF9F002845EC /* Release */ = {
			isa = XCBuildConfiguration;
			buildSettings = {
				ALWAYS_SEARCH_USER_PATHS = NO;
				CLANG_CXX_LANGUAGE_STANDARD = "gnu++0x";
				CLANG_CXX_LIBRARY = "libc++";
				CLANG_ENABLE_MODULES = YES;
				CLANG_ENABLE_OBJC_ARC = YES;
				CLANG_WARN_BOOL_CONVERSION = YES;
				CLANG_WARN_CONSTANT_CONVERSION = YES;
				CLANG_WARN_DIRECT_OBJC_ISA_USAGE = YES_ERROR;
				CLANG_WARN_EMPTY_BODY = YES;
				CLANG_WARN_ENUM_CONVERSION = YES;
				CLANG_WARN_INT_CONVERSION = YES;
				CLANG_WARN_OBJC_ROOT_CLASS = YES_ERROR;
				CLANG_WARN_UNREACHABLE_CODE = YES;
				CLANG_WARN__DUPLICATE_METHOD_MATCH = YES;
				"CODE_SIGN_IDENTITY[sdk=iphoneos*]" = "iPhone Developer";
				COPY_PHASE_STRIP = NO;
				DEBUG_INFORMATION_FORMAT = "dwarf-with-dsym";
				ENABLE_NS_ASSERTIONS = NO;
				ENABLE_STRICT_OBJC_MSGSEND = YES;
				GCC_C_LANGUAGE_STANDARD = gnu99;
				GCC_NO_COMMON_BLOCKS = YES;
				GCC_WARN_64_TO_32_BIT_CONVERSION = YES;
				GCC_WARN_ABOUT_RETURN_TYPE = YES_ERROR;
				GCC_WARN_UNDECLARED_SELECTOR = YES;
				GCC_WARN_UNINITIALIZED_AUTOS = YES_AGGRESSIVE;
				GCC_WARN_UNUSED_FUNCTION = YES;
				GCC_WARN_UNUSED_VARIABLE = YES;
				IPHONEOS_DEPLOYMENT_TARGET = 8.4;
				MTL_ENABLE_DEBUG_INFO = NO;
				SDKROOT = iphoneos;
				VALIDATE_PRODUCT = YES;
			};
			name = Release;
		};
		659CC4D21BFEFF9F002845EC /* Debug */ = {
			isa = XCBuildConfiguration;
			buildSettings = {
				ASSETCATALOG_COMPILER_APPICON_NAME = AppIcon;
				INFOPLIST_FILE = week7_day5_001_local_authentication/Info.plist;
				LD_RUNPATH_SEARCH_PATHS = "$(inherited) @executable_path/Frameworks";
				PRODUCT_NAME = "$(TARGET_NAME)";
			};
			name = Debug;
		};
		659CC4D31BFEFF9F002845EC /* Release */ = {
			isa = XCBuildConfiguration;
			buildSettings = {
				ASSETCATALOG_COMPILER_APPICON_NAME = AppIcon;
				INFOPLIST_FILE = week7_day5_001_local_authentication/Info.plist;
				LD_RUNPATH_SEARCH_PATHS = "$(inherited) @executable_path/Frameworks";
				PRODUCT_NAME = "$(TARGET_NAME)";
			};
			name = Release;
		};
		659CC4D51BFEFF9F002845EC /* Debug */ = {
			isa = XCBuildConfiguration;
			buildSettings = {
				BUNDLE_LOADER = "$(TEST_HOST)";
				FRAMEWORK_SEARCH_PATHS = (
					"$(SDKROOT)/Developer/Library/Frameworks",
					"$(inherited)",
				);
				GCC_PREPROCESSOR_DEFINITIONS = (
					"DEBUG=1",
					"$(inherited)",
				);
				INFOPLIST_FILE = week7_day5_001_local_authenticationTests/Info.plist;
				LD_RUNPATH_SEARCH_PATHS = "$(inherited) @executable_path/Frameworks @loader_path/Frameworks";
				PRODUCT_NAME = "$(TARGET_NAME)";
				TEST_HOST = "$(BUILT_PRODUCTS_DIR)/week7_day5_001_local_authentication.app/week7_day5_001_local_authentication";
			};
			name = Debug;
		};
		659CC4D61BFEFF9F002845EC /* Release */ = {
			isa = XCBuildConfiguration;
			buildSettings = {
				BUNDLE_LOADER = "$(TEST_HOST)";
				FRAMEWORK_SEARCH_PATHS = (
					"$(SDKROOT)/Developer/Library/Frameworks",
					"$(inherited)",
				);
				INFOPLIST_FILE = week7_day5_001_local_authenticationTests/Info.plist;
				LD_RUNPATH_SEARCH_PATHS = "$(inherited) @executable_path/Frameworks @loader_path/Frameworks";
				PRODUCT_NAME = "$(TARGET_NAME)";
				TEST_HOST = "$(BUILT_PRODUCTS_DIR)/week7_day5_001_local_authentication.app/week7_day5_001_local_authentication";
			};
			name = Release;
		};
/* End XCBuildConfiguration section */

/* Begin XCConfigurationList section */
		659CC4AD1BFEFF9F002845EC /* Build configuration list for PBXProject "week7_day5_001_local_authentication" */ = {
			isa = XCConfigurationList;
			buildConfigurations = (
				659CC4CF1BFEFF9F002845EC /* Debug */,
				659CC4D01BFEFF9F002845EC /* Release */,
			);
			defaultConfigurationIsVisible = 0;
			defaultConfigurationName = Release;
		};
		659CC4D11BFEFF9F002845EC /* Build configuration list for PBXNativeTarget "week7_day5_001_local_authentication" */ = {
			isa = XCConfigurationList;
			buildConfigurations = (
				659CC4D21BFEFF9F002845EC /* Debug */,
				659CC4D31BFEFF9F002845EC /* Release */,
			);
			defaultConfigurationIsVisible = 0;
		};
		659CC4D41BFEFF9F002845EC /* Build configuration list for PBXNativeTarget "week7_day5_001_local_authenticationTests" */ = {
			isa = XCConfigurationList;
			buildConfigurations = (
				659CC4D51BFEFF9F002845EC /* Debug */,
				659CC4D61BFEFF9F002845EC /* Release */,
			);
			defaultConfigurationIsVisible = 0;
		};
/* End XCConfigurationList section */
	};
	rootObject = 659CC4AA1BFEFF9F002845EC /* Project object */;
}
