// !$*UTF8*$!
{
	archiveVersion = 1;
	classes = {
	};
	objectVersion = 46;
	objects = {

/* Begin PBXBuildFile section */
		65277C451BD5D0D70052E4C3 /* AppDelegate.swift in Sources */ = {isa = PBXBuildFile; fileRef = 65277C441BD5D0D70052E4C3 /* AppDelegate.swift */; };
		65277C471BD5D0D70052E4C3 /* ViewController.swift in Sources */ = {isa = PBXBuildFile; fileRef = 65277C461BD5D0D70052E4C3 /* ViewController.swift */; };
		65277C4A1BD5D0D70052E4C3 /* Main.storyboard in Resources */ = {isa = PBXBuildFile; fileRef = 65277C481BD5D0D70052E4C3 /* Main.storyboard */; };
		65277C4C1BD5D0D70052E4C3 /* Images.xcassets in Resources */ = {isa = PBXBuildFile; fileRef = 65277C4B1BD5D0D70052E4C3 /* Images.xcassets */; };
		65277C4F1BD5D0D70052E4C3 /* LaunchScreen.xib in Resources */ = {isa = PBXBuildFile; fileRef = 65277C4D1BD5D0D70052E4C3 /* LaunchScreen.xib */; };
		65277C5B1BD5D0D70052E4C3 /* iad_sampleTests.swift in Sources */ = {isa = PBXBuildFile; fileRef = 65277C5A1BD5D0D70052E4C3 /* iad_sampleTests.swift */; };
		65277C651BD5D0F10052E4C3 /* iAd.framework in Frameworks */ = {isa = PBXBuildFile; fileRef = 65277C641BD5D0F10052E4C3 /* iAd.framework */; };
/* End PBXBuildFile section */

/* Begin PBXContainerItemProxy section */
		65277C551BD5D0D70052E4C3 /* PBXContainerItemProxy */ = {
			isa = PBXContainerItemProxy;
			containerPortal = 65277C371BD5D0D70052E4C3 /* Project object */;
			proxyType = 1;
			remoteGlobalIDString = 65277C3E1BD5D0D70052E4C3;
			remoteInfo = iad_sample;
		};
/* End PBXContainerItemProxy section */

/* Begin PBXFileReference section */
		65277C3F1BD5D0D70052E4C3 /* iad_sample.app */ = {isa = PBXFileReference; explicitFileType = wrapper.application; includeInIndex = 0; path = iad_sample.app; sourceTree = BUILT_PRODUCTS_DIR; };
		65277C431BD5D0D70052E4C3 /* Info.plist */ = {isa = PBXFileReference; lastKnownFileType = text.plist.xml; path = Info.plist; sourceTree = "<group>"; };
		65277C441BD5D0D70052E4C3 /* AppDelegate.swift */ = {isa = PBXFileReference; lastKnownFileType = sourcecode.swift; path = AppDelegate.swift; sourceTree = "<group>"; };
		65277C461BD5D0D70052E4C3 /* ViewController.swift */ = {isa = PBXFileReference; lastKnownFileType = sourcecode.swift; path = ViewController.swift; sourceTree = "<group>"; };
		65277C491BD5D0D70052E4C3 /* Base */ = {isa = PBXFileReference; lastKnownFileType = file.storyboard; name = Base; path = Base.lproj/Main.storyboard; sourceTree = "<group>"; };
		65277C4B1BD5D0D70052E4C3 /* Images.xcassets */ = {isa = PBXFileReference; lastKnownFileType = folder.assetcatalog; path = Images.xcassets; sourceTree = "<group>"; };
		65277C4E1BD5D0D70052E4C3 /* Base */ = {isa = PBXFileReference; lastKnownFileType = file.xib; name = Base; path = Base.lproj/LaunchScreen.xib; sourceTree = "<group>"; };
		65277C541BD5D0D70052E4C3 /* iad_sampleTests.xctest */ = {isa = PBXFileReference; explicitFileType = wrapper.cfbundle; includeInIndex = 0; path = iad_sampleTests.xctest; sourceTree = BUILT_PRODUCTS_DIR; };
		65277C591BD5D0D70052E4C3 /* Info.plist */ = {isa = PBXFileReference; lastKnownFileType = text.plist.xml; path = Info.plist; sourceTree = "<group>"; };
		65277C5A1BD5D0D70052E4C3 /* iad_sampleTests.swift */ = {isa = PBXFileReference; lastKnownFileType = sourcecode.swift; path = iad_sampleTests.swift; sourceTree = "<group>"; };
		65277C641BD5D0F10052E4C3 /* iAd.framework */ = {isa = PBXFileReference; lastKnownFileType = wrapper.framework; name = iAd.framework; path = System/Library/Frameworks/iAd.framework; sourceTree = SDKROOT; };
/* End PBXFileReference section */

/* Begin PBXFrameworksBuildPhase section */
		65277C3C1BD5D0D70052E4C3 /* Frameworks */ = {
			isa = PBXFrameworksBuildPhase;
			buildActionMask = 2147483647;
			files = (
				65277C651BD5D0F10052E4C3 /* iAd.framework in Frameworks */,
			);
			runOnlyForDeploymentPostprocessing = 0;
		};
		65277C511BD5D0D70052E4C3 /* Frameworks */ = {
			isa = PBXFrameworksBuildPhase;
			buildActionMask = 2147483647;
			files = (
			);
			runOnlyForDeploymentPostprocessing = 0;
		};
/* End PBXFrameworksBuildPhase section */

/* Begin PBXGroup section */
		65277C361BD5D0D70052E4C3 = {
			isa = PBXGroup;
			children = (
				65277C641BD5D0F10052E4C3 /* iAd.framework */,
				65277C411BD5D0D70052E4C3 /* iad_sample */,
				65277C571BD5D0D70052E4C3 /* iad_sampleTests */,
				65277C401BD5D0D70052E4C3 /* Products */,
			);
			sourceTree = "<group>";
		};
		65277C401BD5D0D70052E4C3 /* Products */ = {
			isa = PBXGroup;
			children = (
				65277C3F1BD5D0D70052E4C3 /* iad_sample.app */,
				65277C541BD5D0D70052E4C3 /* iad_sampleTests.xctest */,
			);
			name = Products;
			sourceTree = "<group>";
		};
		65277C411BD5D0D70052E4C3 /* iad_sample */ = {
			isa = PBXGroup;
			children = (
				65277C441BD5D0D70052E4C3 /* AppDelegate.swift */,
				65277C461BD5D0D70052E4C3 /* ViewController.swift */,
				65277C481BD5D0D70052E4C3 /* Main.storyboard */,
				65277C4B1BD5D0D70052E4C3 /* Images.xcassets */,
				65277C4D1BD5D0D70052E4C3 /* LaunchScreen.xib */,
				65277C421BD5D0D70052E4C3 /* Supporting Files */,
			);
			path = iad_sample;
			sourceTree = "<group>";
		};
		65277C421BD5D0D70052E4C3 /* Supporting Files */ = {
			isa = PBXGroup;
			children = (
				65277C431BD5D0D70052E4C3 /* Info.plist */,
			);
			name = "Supporting Files";
			sourceTree = "<group>";
		};
		65277C571BD5D0D70052E4C3 /* iad_sampleTests */ = {
			isa = PBXGroup;
			children = (
				65277C5A1BD5D0D70052E4C3 /* iad_sampleTests.swift */,
				65277C581BD5D0D70052E4C3 /* Supporting Files */,
			);
			path = iad_sampleTests;
			sourceTree = "<group>";
		};
		65277C581BD5D0D70052E4C3 /* Supporting Files */ = {
			isa = PBXGroup;
			children = (
				65277C591BD5D0D70052E4C3 /* Info.plist */,
			);
			name = "Supporting Files";
			sourceTree = "<group>";
		};
/* End PBXGroup section */

/* Begin PBXNativeTarget section */
		65277C3E1BD5D0D70052E4C3 /* iad_sample */ = {
			isa = PBXNativeTarget;
			buildConfigurationList = 65277C5E1BD5D0D70052E4C3 /* Build configuration list for PBXNativeTarget "iad_sample" */;
			buildPhases = (
				65277C3B1BD5D0D70052E4C3 /* Sources */,
				65277C3C1BD5D0D70052E4C3 /* Frameworks */,
				65277C3D1BD5D0D70052E4C3 /* Resources */,
			);
			buildRules = (
			);
			dependencies = (
			);
			name = iad_sample;
			productName = iad_sample;
			productReference = 65277C3F1BD5D0D70052E4C3 /* iad_sample.app */;
			productType = "com.apple.product-type.application";
		};
		65277C531BD5D0D70052E4C3 /* iad_sampleTests */ = {
			isa = PBXNativeTarget;
			buildConfigurationList = 65277C611BD5D0D70052E4C3 /* Build configuration list for PBXNativeTarget "iad_sampleTests" */;
			buildPhases = (
				65277C501BD5D0D70052E4C3 /* Sources */,
				65277C511BD5D0D70052E4C3 /* Frameworks */,
				65277C521BD5D0D70052E4C3 /* Resources */,
			);
			buildRules = (
			);
			dependencies = (
				65277C561BD5D0D70052E4C3 /* PBXTargetDependency */,
			);
			name = iad_sampleTests;
			productName = iad_sampleTests;
			productReference = 65277C541BD5D0D70052E4C3 /* iad_sampleTests.xctest */;
			productType = "com.apple.product-type.bundle.unit-test";
		};
/* End PBXNativeTarget section */

/* Begin PBXProject section */
		65277C371BD5D0D70052E4C3 /* Project object */ = {
			isa = PBXProject;
			attributes = {
				LastUpgradeCheck = 0640;
				ORGANIZATIONNAME = "Shinya Hirai";
				TargetAttributes = {
					65277C3E1BD5D0D70052E4C3 = {
						CreatedOnToolsVersion = 6.4;
					};
					65277C531BD5D0D70052E4C3 = {
						CreatedOnToolsVersion = 6.4;
						TestTargetID = 65277C3E1BD5D0D70052E4C3;
					};
				};
			};
			buildConfigurationList = 65277C3A1BD5D0D70052E4C3 /* Build configuration list for PBXProject "iad_sample" */;
			compatibilityVersion = "Xcode 3.2";
			developmentRegion = English;
			hasScannedForEncodings = 0;
			knownRegions = (
				en,
				Base,
			);
			mainGroup = 65277C361BD5D0D70052E4C3;
			productRefGroup = 65277C401BD5D0D70052E4C3 /* Products */;
			projectDirPath = "";
			projectRoot = "";
			targets = (
				65277C3E1BD5D0D70052E4C3 /* iad_sample */,
				65277C531BD5D0D70052E4C3 /* iad_sampleTests */,
			);
		};
/* End PBXProject section */

/* Begin PBXResourcesBuildPhase section */
		65277C3D1BD5D0D70052E4C3 /* Resources */ = {
			isa = PBXResourcesBuildPhase;
			buildActionMask = 2147483647;
			files = (
				65277C4A1BD5D0D70052E4C3 /* Main.storyboard in Resources */,
				65277C4F1BD5D0D70052E4C3 /* LaunchScreen.xib in Resources */,
				65277C4C1BD5D0D70052E4C3 /* Images.xcassets in Resources */,
			);
			runOnlyForDeploymentPostprocessing = 0;
		};
		65277C521BD5D0D70052E4C3 /* Resources */ = {
			isa = PBXResourcesBuildPhase;
			buildActionMask = 2147483647;
			files = (
			);
			runOnlyForDeploymentPostprocessing = 0;
		};
/* End PBXResourcesBuildPhase section */

/* Begin PBXSourcesBuildPhase section */
		65277C3B1BD5D0D70052E4C3 /* Sources */ = {
			isa = PBXSourcesBuildPhase;
			buildActionMask = 2147483647;
			files = (
				65277C471BD5D0D70052E4C3 /* ViewController.swift in Sources */,
				65277C451BD5D0D70052E4C3 /* AppDelegate.swift in Sources */,
			);
			runOnlyForDeploymentPostprocessing = 0;
		};
		65277C501BD5D0D70052E4C3 /* Sources */ = {
			isa = PBXSourcesBuildPhase;
			buildActionMask = 2147483647;
			files = (
				65277C5B1BD5D0D70052E4C3 /* iad_sampleTests.swift in Sources */,
			);
			runOnlyForDeploymentPostprocessing = 0;
		};
/* End PBXSourcesBuildPhase section */

/* Begin PBXTargetDependency section */
		65277C561BD5D0D70052E4C3 /* PBXTargetDependency */ = {
			isa = PBXTargetDependency;
			target = 65277C3E1BD5D0D70052E4C3 /* iad_sample */;
			targetProxy = 65277C551BD5D0D70052E4C3 /* PBXContainerItemProxy */;
		};
/* End PBXTargetDependency section */

/* Begin PBXVariantGroup section */
		65277C481BD5D0D70052E4C3 /* Main.storyboard */ = {
			isa = PBXVariantGroup;
			children = (
				65277C491BD5D0D70052E4C3 /* Base */,
			);
			name = Main.storyboard;
			sourceTree = "<group>";
		};
		65277C4D1BD5D0D70052E4C3 /* LaunchScreen.xib */ = {
			isa = PBXVariantGroup;
			children = (
				65277C4E1BD5D0D70052E4C3 /* Base */,
			);
			name = LaunchScreen.xib;
			sourceTree = "<group>";
		};
/* End PBXVariantGroup section */

/* Begin XCBuildConfiguration section */
		65277C5C1BD5D0D70052E4C3 /* Debug */ = {
			isa = XCBuildConfiguration;
			buildSettings = {
				ALWAYS_SEARCH_USER_PATHS = NO;
				CLANG_CXX_LANGUAGE_STANDARD = "gnu++0x";
				CLANG_CXX_LIBRARY = "libc++";
				CLANG_ENABLE_MODULES = YES;
				CLANG_ENABLE_OBJC_ARC = YES;
				CLANG_WARN_BOOL_CONVERSION = YES;
				CLANG_WARN_CONSTANT_CONVERSION = YES;
				CLANG_WARN_DIRECT_OBJC_ISA_USAGE = YES_ERROR;
				CLANG_WARN_EMPTY_BODY = YES;
				CLANG_WARN_ENUM_CONVERSION = YES;
				CLANG_WARN_INT_CONVERSION = YES;
				CLANG_WARN_OBJC_ROOT_CLASS = YES_ERROR;
				CLANG_WARN_UNREACHABLE_CODE = YES;
				CLANG_WARN__DUPLICATE_METHOD_MATCH = YES;
				"CODE_SIGN_IDENTITY[sdk=iphoneos*]" = "iPhone Developer";
				COPY_PHASE_STRIP = NO;
				DEBUG_INFORMATION_FORMAT = "dwarf-with-dsym";
				ENABLE_STRICT_OBJC_MSGSEND = YES;
				GCC_C_LANGUAGE_STANDARD = gnu99;
				GCC_DYNAMIC_NO_PIC = NO;
				GCC_NO_COMMON_BLOCKS = YES;
				GCC_OPTIMIZATION_LEVEL = 0;
				GCC_PREPROCESSOR_DEFINITIONS = (
					"DEBUG=1",
					"$(inherited)",
				);
				GCC_SYMBOLS_PRIVATE_EXTERN = NO;
				GCC_WARN_64_TO_32_BIT_CONVERSION = YES;
				GCC_WARN_ABOUT_RETURN_TYPE = YES_ERROR;
				GCC_WARN_UNDECLARED_SELECTOR = YES;
				GCC_WARN_UNINITIALIZED_AUTOS = YES_AGGRESSIVE;
				GCC_WARN_UNUSED_FUNCTION = YES;
				GCC_WARN_UNUSED_VARIABLE = YES;
				IPHONEOS_DEPLOYMENT_TARGET = 8.4;
				MTL_ENABLE_DEBUG_INFO = YES;
				ONLY_ACTIVE_ARCH = YES;
				SDKROOT = iphoneos;
				SWIFT_OPTIMIZATION_LEVEL = "-Onone";
			};
			name = Debug;
		};
		65277C5D1BD5D0D70052E4C3 /* Release */ = {
			isa = XCBuildConfiguration;
			buildSettings = {
				ALWAYS_SEARCH_USER_PATHS = NO;
				CLANG_CXX_LANGUAGE_STANDARD = "gnu++0x";
				CLANG_CXX_LIBRARY = "libc++";
				CLANG_ENABLE_MODULES = YES;
				CLANG_ENABLE_OBJC_ARC = YES;
				CLANG_WARN_BOOL_CONVERSION = YES;
				CLANG_WARN_CONSTANT_CONVERSION = YES;
				CLANG_WARN_DIRECT_OBJC_ISA_USAGE = YES_ERROR;
				CLANG_WARN_EMPTY_BODY = YES;
				CLANG_WARN_ENUM_CONVERSION = YES;
				CLANG_WARN_INT_CONVERSION = YES;
				CLANG_WARN_OBJC_ROOT_CLASS = YES_ERROR;
				CLANG_WARN_UNREACHABLE_CODE = YES;
				CLANG_WARN__DUPLICATE_METHOD_MATCH = YES;
				"CODE_SIGN_IDENTITY[sdk=iphoneos*]" = "iPhone Developer";
				COPY_PHASE_STRIP = NO;
				DEBUG_INFORMATION_FORMAT = "dwarf-with-dsym";
				ENABLE_NS_ASSERTIONS = NO;
				ENABLE_STRICT_OBJC_MSGSEND = YES;
				GCC_C_LANGUAGE_STANDARD = gnu99;
				GCC_NO_COMMON_BLOCKS = YES;
				GCC_WARN_64_TO_32_BIT_CONVERSION = YES;
				GCC_WARN_ABOUT_RETURN_TYPE = YES_ERROR;
				GCC_WARN_UNDECLARED_SELECTOR = YES;
				GCC_WARN_UNINITIALIZED_AUTOS = YES_AGGRESSIVE;
				GCC_WARN_UNUSED_FUNCTION = YES;
				GCC_WARN_UNUSED_VARIABLE = YES;
				IPHONEOS_DEPLOYMENT_TARGET = 8.4;
				MTL_ENABLE_DEBUG_INFO = NO;
				SDKROOT = iphoneos;
				VALIDATE_PRODUCT = YES;
			};
			name = Release;
		};
		65277C5F1BD5D0D70052E4C3 /* Debug */ = {
			isa = XCBuildConfiguration;
			buildSettings = {
				ASSETCATALOG_COMPILER_APPICON_NAME = AppIcon;
				INFOPLIST_FILE = iad_sample/Info.plist;
				LD_RUNPATH_SEARCH_PATHS = "$(inherited) @executable_path/Frameworks";
				PRODUCT_NAME = "$(TARGET_NAME)";
			};
			name = Debug;
		};
		65277C601BD5D0D70052E4C3 /* Release */ = {
			isa = XCBuildConfiguration;
			buildSettings = {
				ASSETCATALOG_COMPILER_APPICON_NAME = AppIcon;
				INFOPLIST_FILE = iad_sample/Info.plist;
				LD_RUNPATH_SEARCH_PATHS = "$(inherited) @executable_path/Frameworks";
				PRODUCT_NAME = "$(TARGET_NAME)";
			};
			name = Release;
		};
		65277C621BD5D0D70052E4C3 /* Debug */ = {
			isa = XCBuildConfiguration;
			buildSettings = {
				BUNDLE_LOADER = "$(TEST_HOST)";
				FRAMEWORK_SEARCH_PATHS = (
					"$(SDKROOT)/Developer/Library/Frameworks",
					"$(inherited)",
				);
				GCC_PREPROCESSOR_DEFINITIONS = (
					"DEBUG=1",
					"$(inherited)",
				);
				INFOPLIST_FILE = iad_sampleTests/Info.plist;
				LD_RUNPATH_SEARCH_PATHS = "$(inherited) @executable_path/Frameworks @loader_path/Frameworks";
				PRODUCT_NAME = "$(TARGET_NAME)";
				TEST_HOST = "$(BUILT_PRODUCTS_DIR)/iad_sample.app/iad_sample";
			};
			name = Debug;
		};
		65277C631BD5D0D70052E4C3 /* Release */ = {
			isa = XCBuildConfiguration;
			buildSettings = {
				BUNDLE_LOADER = "$(TEST_HOST)";
				FRAMEWORK_SEARCH_PATHS = (
					"$(SDKROOT)/Developer/Library/Frameworks",
					"$(inherited)",
				);
				INFOPLIST_FILE = iad_sampleTests/Info.plist;
				LD_RUNPATH_SEARCH_PATHS = "$(inherited) @executable_path/Frameworks @loader_path/Frameworks";
				PRODUCT_NAME = "$(TARGET_NAME)";
				TEST_HOST = "$(BUILT_PRODUCTS_DIR)/iad_sample.app/iad_sample";
			};
			name = Release;
		};
/* End XCBuildConfiguration section */

/* Begin XCConfigurationList section */
		65277C3A1BD5D0D70052E4C3 /* Build configuration list for PBXProject "iad_sample" */ = {
			isa = XCConfigurationList;
			buildConfigurations = (
				65277C5C1BD5D0D70052E4C3 /* Debug */,
				65277C5D1BD5D0D70052E4C3 /* Release */,
			);
			defaultConfigurationIsVisible = 0;
			defaultConfigurationName = Release;
		};
		65277C5E1BD5D0D70052E4C3 /* Build configuration list for PBXNativeTarget "iad_sample" */ = {
			isa = XCConfigurationList;
			buildConfigurations = (
				65277C5F1BD5D0D70052E4C3 /* Debug */,
				65277C601BD5D0D70052E4C3 /* Release */,
			);
			defaultConfigurationIsVisible = 0;
		};
		65277C611BD5D0D70052E4C3 /* Build configuration list for PBXNativeTarget "iad_sampleTests" */ = {
			isa = XCConfigurationList;
			buildConfigurations = (
				65277C621BD5D0D70052E4C3 /* Debug */,
				65277C631BD5D0D70052E4C3 /* Release */,
			);
			defaultConfigurationIsVisible = 0;
		};
/* End XCConfigurationList section */
	};
	rootObject = 65277C371BD5D0D70052E4C3 /* Project object */;
}
