// !$*UTF8*$!
{
	archiveVersion = 1;
	classes = {
	};
	objectVersion = 46;
	objects = {

/* Begin PBXBuildFile section */
		65779BA51BF1B37A0028E10F /* AppDelegate.swift in Sources */ = {isa = PBXBuildFile; fileRef = 65779BA41BF1B37A0028E10F /* AppDelegate.swift */; };
		65779BA71BF1B37A0028E10F /* ViewController.swift in Sources */ = {isa = PBXBuildFile; fileRef = 65779BA61BF1B37A0028E10F /* ViewController.swift */; };
		65779BAA1BF1B37A0028E10F /* Main.storyboard in Resources */ = {isa = PBXBuildFile; fileRef = 65779BA81BF1B37A0028E10F /* Main.storyboard */; };
		65779BAC1BF1B37A0028E10F /* Images.xcassets in Resources */ = {isa = PBXBuildFile; fileRef = 65779BAB1BF1B37A0028E10F /* Images.xcassets */; };
		65779BAF1BF1B37A0028E10F /* LaunchScreen.xib in Resources */ = {isa = PBXBuildFile; fileRef = 65779BAD1BF1B37A0028E10F /* LaunchScreen.xib */; };
		65779BBB1BF1B37A0028E10F /* run_sampleTests.swift in Sources */ = {isa = PBXBuildFile; fileRef = 65779BBA1BF1B37A0028E10F /* run_sampleTests.swift */; };
/* End PBXBuildFile section */

/* Begin PBXContainerItemProxy section */
		65779BB51BF1B37A0028E10F /* PBXContainerItemProxy */ = {
			isa = PBXContainerItemProxy;
			containerPortal = 65779B971BF1B37A0028E10F /* Project object */;
			proxyType = 1;
			remoteGlobalIDString = 65779B9E1BF1B37A0028E10F;
			remoteInfo = run_sample;
		};
/* End PBXContainerItemProxy section */

/* Begin PBXFileReference section */
		65779B9F1BF1B37A0028E10F /* run_sample.app */ = {isa = PBXFileReference; explicitFileType = wrapper.application; includeInIndex = 0; path = run_sample.app; sourceTree = BUILT_PRODUCTS_DIR; };
		65779BA31BF1B37A0028E10F /* Info.plist */ = {isa = PBXFileReference; lastKnownFileType = text.plist.xml; path = Info.plist; sourceTree = "<group>"; };
		65779BA41BF1B37A0028E10F /* AppDelegate.swift */ = {isa = PBXFileReference; lastKnownFileType = sourcecode.swift; path = AppDelegate.swift; sourceTree = "<group>"; };
		65779BA61BF1B37A0028E10F /* ViewController.swift */ = {isa = PBXFileReference; lastKnownFileType = sourcecode.swift; path = ViewController.swift; sourceTree = "<group>"; };
		65779BA91BF1B37A0028E10F /* Base */ = {isa = PBXFileReference; lastKnownFileType = file.storyboard; name = Base; path = Base.lproj/Main.storyboard; sourceTree = "<group>"; };
		65779BAB1BF1B37A0028E10F /* Images.xcassets */ = {isa = PBXFileReference; lastKnownFileType = folder.assetcatalog; path = Images.xcassets; sourceTree = "<group>"; };
		65779BAE1BF1B37A0028E10F /* Base */ = {isa = PBXFileReference; lastKnownFileType = file.xib; name = Base; path = Base.lproj/LaunchScreen.xib; sourceTree = "<group>"; };
		65779BB41BF1B37A0028E10F /* run_sampleTests.xctest */ = {isa = PBXFileReference; explicitFileType = wrapper.cfbundle; includeInIndex = 0; path = run_sampleTests.xctest; sourceTree = BUILT_PRODUCTS_DIR; };
		65779BB91BF1B37A0028E10F /* Info.plist */ = {isa = PBXFileReference; lastKnownFileType = text.plist.xml; path = Info.plist; sourceTree = "<group>"; };
		65779BBA1BF1B37A0028E10F /* run_sampleTests.swift */ = {isa = PBXFileReference; lastKnownFileType = sourcecode.swift; path = run_sampleTests.swift; sourceTree = "<group>"; };
/* End PBXFileReference section */

/* Begin PBXFrameworksBuildPhase section */
		65779B9C1BF1B37A0028E10F /* Frameworks */ = {
			isa = PBXFrameworksBuildPhase;
			buildActionMask = 2147483647;
			files = (
			);
			runOnlyForDeploymentPostprocessing = 0;
		};
		65779BB11BF1B37A0028E10F /* Frameworks */ = {
			isa = PBXFrameworksBuildPhase;
			buildActionMask = 2147483647;
			files = (
			);
			runOnlyForDeploymentPostprocessing = 0;
		};
/* End PBXFrameworksBuildPhase section */

/* Begin PBXGroup section */
		65779B961BF1B37A0028E10F = {
			isa = PBXGroup;
			children = (
				65779BA11BF1B37A0028E10F /* run_sample */,
				65779BB71BF1B37A0028E10F /* run_sampleTests */,
				65779BA01BF1B37A0028E10F /* Products */,
			);
			sourceTree = "<group>";
		};
		65779BA01BF1B37A0028E10F /* Products */ = {
			isa = PBXGroup;
			children = (
				65779B9F1BF1B37A0028E10F /* run_sample.app */,
				65779BB41BF1B37A0028E10F /* run_sampleTests.xctest */,
			);
			name = Products;
			sourceTree = "<group>";
		};
		65779BA11BF1B37A0028E10F /* run_sample */ = {
			isa = PBXGroup;
			children = (
				65779BA41BF1B37A0028E10F /* AppDelegate.swift */,
				65779BA61BF1B37A0028E10F /* ViewController.swift */,
				65779BA81BF1B37A0028E10F /* Main.storyboard */,
				65779BAB1BF1B37A0028E10F /* Images.xcassets */,
				65779BAD1BF1B37A0028E10F /* LaunchScreen.xib */,
				65779BA21BF1B37A0028E10F /* Supporting Files */,
			);
			path = run_sample;
			sourceTree = "<group>";
		};
		65779BA21BF1B37A0028E10F /* Supporting Files */ = {
			isa = PBXGroup;
			children = (
				65779BA31BF1B37A0028E10F /* Info.plist */,
			);
			name = "Supporting Files";
			sourceTree = "<group>";
		};
		65779BB71BF1B37A0028E10F /* run_sampleTests */ = {
			isa = PBXGroup;
			children = (
				65779BBA1BF1B37A0028E10F /* run_sampleTests.swift */,
				65779BB81BF1B37A0028E10F /* Supporting Files */,
			);
			path = run_sampleTests;
			sourceTree = "<group>";
		};
		65779BB81BF1B37A0028E10F /* Supporting Files */ = {
			isa = PBXGroup;
			children = (
				65779BB91BF1B37A0028E10F /* Info.plist */,
			);
			name = "Supporting Files";
			sourceTree = "<group>";
		};
/* End PBXGroup section */

/* Begin PBXNativeTarget section */
		65779B9E1BF1B37A0028E10F /* run_sample */ = {
			isa = PBXNativeTarget;
			buildConfigurationList = 65779BBE1BF1B37A0028E10F /* Build configuration list for PBXNativeTarget "run_sample" */;
			buildPhases = (
				65779B9B1BF1B37A0028E10F /* Sources */,
				65779B9C1BF1B37A0028E10F /* Frameworks */,
				65779B9D1BF1B37A0028E10F /* Resources */,
			);
			buildRules = (
			);
			dependencies = (
			);
			name = run_sample;
			productName = run_sample;
			productReference = 65779B9F1BF1B37A0028E10F /* run_sample.app */;
			productType = "com.apple.product-type.application";
		};
		65779BB31BF1B37A0028E10F /* run_sampleTests */ = {
			isa = PBXNativeTarget;
			buildConfigurationList = 65779BC11BF1B37A0028E10F /* Build configuration list for PBXNativeTarget "run_sampleTests" */;
			buildPhases = (
				65779BB01BF1B37A0028E10F /* Sources */,
				65779BB11BF1B37A0028E10F /* Frameworks */,
				65779BB21BF1B37A0028E10F /* Resources */,
			);
			buildRules = (
			);
			dependencies = (
				65779BB61BF1B37A0028E10F /* PBXTargetDependency */,
			);
			name = run_sampleTests;
			productName = run_sampleTests;
			productReference = 65779BB41BF1B37A0028E10F /* run_sampleTests.xctest */;
			productType = "com.apple.product-type.bundle.unit-test";
		};
/* End PBXNativeTarget section */

/* Begin PBXProject section */
		65779B971BF1B37A0028E10F /* Project object */ = {
			isa = PBXProject;
			attributes = {
				LastUpgradeCheck = 0640;
				ORGANIZATIONNAME = "Shinya Hirai";
				TargetAttributes = {
					65779B9E1BF1B37A0028E10F = {
						CreatedOnToolsVersion = 6.4;
					};
					65779BB31BF1B37A0028E10F = {
						CreatedOnToolsVersion = 6.4;
						TestTargetID = 65779B9E1BF1B37A0028E10F;
					};
				};
			};
			buildConfigurationList = 65779B9A1BF1B37A0028E10F /* Build configuration list for PBXProject "run_sample" */;
			compatibilityVersion = "Xcode 3.2";
			developmentRegion = English;
			hasScannedForEncodings = 0;
			knownRegions = (
				en,
				Base,
			);
			mainGroup = 65779B961BF1B37A0028E10F;
			productRefGroup = 65779BA01BF1B37A0028E10F /* Products */;
			projectDirPath = "";
			projectRoot = "";
			targets = (
				65779B9E1BF1B37A0028E10F /* run_sample */,
				65779BB31BF1B37A0028E10F /* run_sampleTests */,
			);
		};
/* End PBXProject section */

/* Begin PBXResourcesBuildPhase section */
		65779B9D1BF1B37A0028E10F /* Resources */ = {
			isa = PBXResourcesBuildPhase;
			buildActionMask = 2147483647;
			files = (
				65779BAA1BF1B37A0028E10F /* Main.storyboard in Resources */,
				65779BAF1BF1B37A0028E10F /* LaunchScreen.xib in Resources */,
				65779BAC1BF1B37A0028E10F /* Images.xcassets in Resources */,
			);
			runOnlyForDeploymentPostprocessing = 0;
		};
		65779BB21BF1B37A0028E10F /* Resources */ = {
			isa = PBXResourcesBuildPhase;
			buildActionMask = 2147483647;
			files = (
			);
			runOnlyForDeploymentPostprocessing = 0;
		};
/* End PBXResourcesBuildPhase section */

/* Begin PBXSourcesBuildPhase section */
		65779B9B1BF1B37A0028E10F /* Sources */ = {
			isa = PBXSourcesBuildPhase;
			buildActionMask = 2147483647;
			files = (
				65779BA71BF1B37A0028E10F /* ViewController.swift in Sources */,
				65779BA51BF1B37A0028E10F /* AppDelegate.swift in Sources */,
			);
			runOnlyForDeploymentPostprocessing = 0;
		};
		65779BB01BF1B37A0028E10F /* Sources */ = {
			isa = PBXSourcesBuildPhase;
			buildActionMask = 2147483647;
			files = (
				65779BBB1BF1B37A0028E10F /* run_sampleTests.swift in Sources */,
			);
			runOnlyForDeploymentPostprocessing = 0;
		};
/* End PBXSourcesBuildPhase section */

/* Begin PBXTargetDependency section */
		65779BB61BF1B37A0028E10F /* PBXTargetDependency */ = {
			isa = PBXTargetDependency;
			target = 65779B9E1BF1B37A0028E10F /* run_sample */;
			targetProxy = 65779BB51BF1B37A0028E10F /* PBXContainerItemProxy */;
		};
/* End PBXTargetDependency section */

/* Begin PBXVariantGroup section */
		65779BA81BF1B37A0028E10F /* Main.storyboard */ = {
			isa = PBXVariantGroup;
			children = (
				65779BA91BF1B37A0028E10F /* Base */,
			);
			name = Main.storyboard;
			sourceTree = "<group>";
		};
		65779BAD1BF1B37A0028E10F /* LaunchScreen.xib */ = {
			isa = PBXVariantGroup;
			children = (
				65779BAE1BF1B37A0028E10F /* Base */,
			);
			name = LaunchScreen.xib;
			sourceTree = "<group>";
		};
/* End PBXVariantGroup section */

/* Begin XCBuildConfiguration section */
		65779BBC1BF1B37A0028E10F /* Debug */ = {
			isa = XCBuildConfiguration;
			buildSettings = {
				ALWAYS_SEARCH_USER_PATHS = NO;
				CLANG_CXX_LANGUAGE_STANDARD = "gnu++0x";
				CLANG_CXX_LIBRARY = "libc++";
				CLANG_ENABLE_MODULES = YES;
				CLANG_ENABLE_OBJC_ARC = YES;
				CLANG_WARN_BOOL_CONVERSION = YES;
				CLANG_WARN_CONSTANT_CONVERSION = YES;
				CLANG_WARN_DIRECT_OBJC_ISA_USAGE = YES_ERROR;
				CLANG_WARN_EMPTY_BODY = YES;
				CLANG_WARN_ENUM_CONVERSION = YES;
				CLANG_WARN_INT_CONVERSION = YES;
				CLANG_WARN_OBJC_ROOT_CLASS = YES_ERROR;
				CLANG_WARN_UNREACHABLE_CODE = YES;
				CLANG_WARN__DUPLICATE_METHOD_MATCH = YES;
				"CODE_SIGN_IDENTITY[sdk=iphoneos*]" = "iPhone Developer";
				COPY_PHASE_STRIP = NO;
				DEBUG_INFORMATION_FORMAT = "dwarf-with-dsym";
				ENABLE_STRICT_OBJC_MSGSEND = YES;
				GCC_C_LANGUAGE_STANDARD = gnu99;
				GCC_DYNAMIC_NO_PIC = NO;
				GCC_NO_COMMON_BLOCKS = YES;
				GCC_OPTIMIZATION_LEVEL = 0;
				GCC_PREPROCESSOR_DEFINITIONS = (
					"DEBUG=1",
					"$(inherited)",
				);
				GCC_SYMBOLS_PRIVATE_EXTERN = NO;
				GCC_WARN_64_TO_32_BIT_CONVERSION = YES;
				GCC_WARN_ABOUT_RETURN_TYPE = YES_ERROR;
				GCC_WARN_UNDECLARED_SELECTOR = YES;
				GCC_WARN_UNINITIALIZED_AUTOS = YES_AGGRESSIVE;
				GCC_WARN_UNUSED_FUNCTION = YES;
				GCC_WARN_UNUSED_VARIABLE = YES;
				IPHONEOS_DEPLOYMENT_TARGET = 8.4;
				MTL_ENABLE_DEBUG_INFO = YES;
				ONLY_ACTIVE_ARCH = YES;
				SDKROOT = iphoneos;
				SWIFT_OPTIMIZATION_LEVEL = "-Onone";
			};
			name = Debug;
		};
		65779BBD1BF1B37A0028E10F /* Release */ = {
			isa = XCBuildConfiguration;
			buildSettings = {
				ALWAYS_SEARCH_USER_PATHS = NO;
				CLANG_CXX_LANGUAGE_STANDARD = "gnu++0x";
				CLANG_CXX_LIBRARY = "libc++";
				CLANG_ENABLE_MODULES = YES;
				CLANG_ENABLE_OBJC_ARC = YES;
				CLANG_WARN_BOOL_CONVERSION = YES;
				CLANG_WARN_CONSTANT_CONVERSION = YES;
				CLANG_WARN_DIRECT_OBJC_ISA_USAGE = YES_ERROR;
				CLANG_WARN_EMPTY_BODY = YES;
				CLANG_WARN_ENUM_CONVERSION = YES;
				CLANG_WARN_INT_CONVERSION = YES;
				CLANG_WARN_OBJC_ROOT_CLASS = YES_ERROR;
				CLANG_WARN_UNREACHABLE_CODE = YES;
				CLANG_WARN__DUPLICATE_METHOD_MATCH = YES;
				"CODE_SIGN_IDENTITY[sdk=iphoneos*]" = "iPhone Developer";
				COPY_PHASE_STRIP = NO;
				DEBUG_INFORMATION_FORMAT = "dwarf-with-dsym";
				ENABLE_NS_ASSERTIONS = NO;
				ENABLE_STRICT_OBJC_MSGSEND = YES;
				GCC_C_LANGUAGE_STANDARD = gnu99;
				GCC_NO_COMMON_BLOCKS = YES;
				GCC_WARN_64_TO_32_BIT_CONVERSION = YES;
				GCC_WARN_ABOUT_RETURN_TYPE = YES_ERROR;
				GCC_WARN_UNDECLARED_SELECTOR = YES;
				GCC_WARN_UNINITIALIZED_AUTOS = YES_AGGRESSIVE;
				GCC_WARN_UNUSED_FUNCTION = YES;
				GCC_WARN_UNUSED_VARIABLE = YES;
				IPHONEOS_DEPLOYMENT_TARGET = 8.4;
				MTL_ENABLE_DEBUG_INFO = NO;
				SDKROOT = iphoneos;
				VALIDATE_PRODUCT = YES;
			};
			name = Release;
		};
		65779BBF1BF1B37A0028E10F /* Debug */ = {
			isa = XCBuildConfiguration;
			buildSettings = {
				ASSETCATALOG_COMPILER_APPICON_NAME = AppIcon;
				INFOPLIST_FILE = run_sample/Info.plist;
				LD_RUNPATH_SEARCH_PATHS = "$(inherited) @executable_path/Frameworks";
				PRODUCT_NAME = "$(TARGET_NAME)";
			};
			name = Debug;
		};
		65779BC01BF1B37A0028E10F /* Release */ = {
			isa = XCBuildConfiguration;
			buildSettings = {
				ASSETCATALOG_COMPILER_APPICON_NAME = AppIcon;
				INFOPLIST_FILE = run_sample/Info.plist;
				LD_RUNPATH_SEARCH_PATHS = "$(inherited) @executable_path/Frameworks";
				PRODUCT_NAME = "$(TARGET_NAME)";
			};
			name = Release;
		};
		65779BC21BF1B37A0028E10F /* Debug */ = {
			isa = XCBuildConfiguration;
			buildSettings = {
				BUNDLE_LOADER = "$(TEST_HOST)";
				FRAMEWORK_SEARCH_PATHS = (
					"$(SDKROOT)/Developer/Library/Frameworks",
					"$(inherited)",
				);
				GCC_PREPROCESSOR_DEFINITIONS = (
					"DEBUG=1",
					"$(inherited)",
				);
				INFOPLIST_FILE = run_sampleTests/Info.plist;
				LD_RUNPATH_SEARCH_PATHS = "$(inherited) @executable_path/Frameworks @loader_path/Frameworks";
				PRODUCT_NAME = "$(TARGET_NAME)";
				TEST_HOST = "$(BUILT_PRODUCTS_DIR)/run_sample.app/run_sample";
			};
			name = Debug;
		};
		65779BC31BF1B37A0028E10F /* Release */ = {
			isa = XCBuildConfiguration;
			buildSettings = {
				BUNDLE_LOADER = "$(TEST_HOST)";
				FRAMEWORK_SEARCH_PATHS = (
					"$(SDKROOT)/Developer/Library/Frameworks",
					"$(inherited)",
				);
				INFOPLIST_FILE = run_sampleTests/Info.plist;
				LD_RUNPATH_SEARCH_PATHS = "$(inherited) @executable_path/Frameworks @loader_path/Frameworks";
				PRODUCT_NAME = "$(TARGET_NAME)";
				TEST_HOST = "$(BUILT_PRODUCTS_DIR)/run_sample.app/run_sample";
			};
			name = Release;
		};
/* End XCBuildConfiguration section */

/* Begin XCConfigurationList section */
		65779B9A1BF1B37A0028E10F /* Build configuration list for PBXProject "run_sample" */ = {
			isa = XCConfigurationList;
			buildConfigurations = (
				65779BBC1BF1B37A0028E10F /* Debug */,
				65779BBD1BF1B37A0028E10F /* Release */,
			);
			defaultConfigurationIsVisible = 0;
			defaultConfigurationName = Release;
		};
		65779BBE1BF1B37A0028E10F /* Build configuration list for PBXNativeTarget "run_sample" */ = {
			isa = XCConfigurationList;
			buildConfigurations = (
				65779BBF1BF1B37A0028E10F /* Debug */,
				65779BC01BF1B37A0028E10F /* Release */,
			);
			defaultConfigurationIsVisible = 0;
		};
		65779BC11BF1B37A0028E10F /* Build configuration list for PBXNativeTarget "run_sampleTests" */ = {
			isa = XCConfigurationList;
			buildConfigurations = (
				65779BC21BF1B37A0028E10F /* Debug */,
				65779BC31BF1B37A0028E10F /* Release */,
			);
			defaultConfigurationIsVisible = 0;
		};
/* End XCConfigurationList section */
	};
	rootObject = 65779B971BF1B37A0028E10F /* Project object */;
}
